
Microsoft Visual Studio Solution File, Format Version 11.00
# Visual Studio 2010
Project("{FAE04EC0-301F-11D3-BF4B-00C04F79EFBC}") = "NetduinoApplication1", "NetduinoApplication1\NetduinoApplication1.csproj", "{EDC588D0-192C-4163-887A-C6D2A40AE756}"
EndProject
Global
	GlobalSection(SolutionConfigurationPlatforms) = preSolution
		Debug|Any CPU = Debug|Any CPU
		Release|Any CPU = Release|Any CPU
	EndGlobalSection
	GlobalSection(ProjectConfigurationPlatforms) = postSolution
		{EDC588D0-192C-4163-887A-C6D2A40AE756}.Debug|Any CPU.ActiveCfg = Debug|Any CPU
		{EDC588D0-192C-4163-887A-C6D2A40AE756}.Debug|Any CPU.Build.0 = Debug|Any CPU
		{EDC588D0-192C-4163-887A-C6D2A40AE756}.Debug|Any CPU.Deploy.0 = Debug|Any CPU
		{EDC588D0-192C-4163-887A-C6D2A40AE756}.Release|Any CPU.ActiveCfg = Release|Any CPU
		{EDC588D0-192C-4163-887A-C6D2A40AE756}.Release|Any CPU.Build.0 = Release|Any CPU
		{EDC588D0-192C-4163-887A-C6D2A40AE756}.Release|Any CPU.Deploy.0 = Release|Any CPU
	EndGlobalSection
	GlobalSection(SolutionProperties) = preSolution
		HideSolutionNode = FALSE
	EndGlobalSection
EndGlobal
